
Microsoft Visual Studio Solution File, Format Version 12.00
# Visual Studio Version 17
VisualStudioVersion = 17.4.33110.190
MinimumVisualStudioVersion = 10.0.40219.1
Project("{9A19103F-16F7-4668-BE54-9A1E7A4F7556}") = "MyAspNetApp.Web", "MyAspNetApp.Web\MyAspNetApp.Web.csproj", "{CE23E191-52BE-48C5-B035-3159A348BFAC}"
EndProject
Project("{FAE04EC0-301F-11D3-BF4B-00C04F79EFBC}") = "MiddlewareExample.Web", "MiddlewareExample.Web\MiddlewareExample.Web.csproj", "{FBBC65CF-D911-4489-B487-123D8DC5DD5D}"
EndProject
Global
	GlobalSection(SolutionConfigurationPlatforms) = preSolution
		Debug|Any CPU = Debug|Any CPU
		Release|Any CPU = Release|Any CPU
	EndGlobalSection
	GlobalSection(ProjectConfigurationPlatforms) = postSolution
		{CE23E191-52BE-48C5-B035-3159A348BFAC}.Debug|Any CPU.ActiveCfg = Debug|Any CPU
		{CE23E191-52BE-48C5-B035-3159A348BFAC}.Debug|Any CPU.Build.0 = Debug|Any CPU
		{CE23E191-52BE-48C5-B035-3159A348BFAC}.Release|Any CPU.ActiveCfg = Release|Any CPU
		{CE23E191-52BE-48C5-B035-3159A348BFAC}.Release|Any CPU.Build.0 = Release|Any CPU
		{FBBC65CF-D911-4489-B487-123D8DC5DD5D}.Debug|Any CPU.ActiveCfg = Debug|Any CPU
		{FBBC65CF-D911-4489-B487-123D8DC5DD5D}.Debug|Any CPU.Build.0 = Debug|Any CPU
		{FBBC65CF-D911-4489-B487-123D8DC5DD5D}.Release|Any CPU.ActiveCfg = Release|Any CPU
		{FBBC65CF-D911-4489-B487-123D8DC5DD5D}.Release|Any CPU.Build.0 = Release|Any CPU
	EndGlobalSection
	GlobalSection(SolutionProperties) = preSolution
		HideSolutionNode = FALSE
	EndGlobalSection
	GlobalSection(ExtensibilityGlobals) = postSolution
		SolutionGuid = {46A3AD86-69CA-4ABD-84D6-1ACAEE677728}
	EndGlobalSection
EndGlobal
